// !$*UTF8*$!
{
	archiveVersion = 1;
	classes = {
	};
	objectVersion = 77;
	objects = {

/* Begin PBXBuildFile section */
		230426962D05E9A700473EA0 /* Kingfisher in Frameworks */ = {isa = PBXBuildFile; productRef = 230426952D05E9A700473EA0 /* Kingfisher */; };
		23FAF3E92D06E00900B5FA14 /* MiniProjectTests.swift in Sources */ = {isa = PBXBuildFile; fileRef = 23FAF3E62D06E00900B5FA14 /* MiniProjectTests.swift */; };
		23FAF3EA2D06E00900B5FA14 /* MockNetworker.swift in Sources */ = {isa = PBXBuildFile; fileRef = 23FAF3E72D06E00900B5FA14 /* MockNetworker.swift */; };
		23FAF3EE2D06E00900B5FA14 /* MiniProjectUITests.swift in Sources */ = {isa = PBXBuildFile; fileRef = 23FAF3EB2D06E00900B5FA14 /* MiniProjectUITests.swift */; };
		23FAF3EF2D06E00900B5FA14 /* MiniProjectUITestsLaunchTests.swift in Sources */ = {isa = PBXBuildFile; fileRef = 23FAF3EC2D06E00900B5FA14 /* MiniProjectUITestsLaunchTests.swift */; };
		23FAF41D2D06E00900B5FA14 /* CacheImageManager.swift in Sources */ = {isa = PBXBuildFile; fileRef = 23FAF3F02D06E00900B5FA14 /* CacheImageManager.swift */; };
		23FAF41E2D06E00900B5FA14 /* Menu.swift in Sources */ = {isa = PBXBuildFile; fileRef = 23FAF3F22D06E00900B5FA14 /* Menu.swift */; };
		23FAF41F2D06E00900B5FA14 /* MenuResponse.swift in Sources */ = {isa = PBXBuildFile; fileRef = 23FAF3F42D06E00900B5FA14 /* MenuResponse.swift */; };
		23FAF4202D06E00900B5FA14 /* DataState.swift in Sources */ = {isa = PBXBuildFile; fileRef = 23FAF3F62D06E00900B5FA14 /* DataState.swift */; };
		23FAF4212D06E00900B5FA14 /* Networker.swift in Sources */ = {isa = PBXBuildFile; fileRef = 23FAF3F72D06E00900B5FA14 /* Networker.swift */; };
		23FAF4222D06E00900B5FA14 /* NetworkError.swift in Sources */ = {isa = PBXBuildFile; fileRef = 23FAF3F82D06E00900B5FA14 /* NetworkError.swift */; };
		23FAF4232D06E00900B5FA14 /* NetworkFactory.swift in Sources */ = {isa = PBXBuildFile; fileRef = 23FAF3F92D06E00900B5FA14 /* NetworkFactory.swift */; };
		23FAF4242D06E00900B5FA14 /* MenuServices.swift in Sources */ = {isa = PBXBuildFile; fileRef = 23FAF3FB2D06E00900B5FA14 /* MenuServices.swift */; };
		23FAF4252D06E00900B5FA14 /* DetailMenuViewController.swift in Sources */ = {isa = PBXBuildFile; fileRef = 23FAF3FF2D06E00900B5FA14 /* DetailMenuViewController.swift */; };
		23FAF4262D06E00900B5FA14 /* MenuListCoordinator.swift in Sources */ = {isa = PBXBuildFile; fileRef = 23FAF4012D06E00900B5FA14 /* MenuListCoordinator.swift */; };
		23FAF4272D06E00900B5FA14 /* MenuListRepository.swift in Sources */ = {isa = PBXBuildFile; fileRef = 23FAF4032D06E00900B5FA14 /* MenuListRepository.swift */; };
		23FAF4282D06E00900B5FA14 /* MenuCategoryModel.swift in Sources */ = {isa = PBXBuildFile; fileRef = 23FAF4062D06E00900B5FA14 /* MenuCategoryModel.swift */; };
		23FAF4292D06E00900B5FA14 /* MenuListUseCase.swift in Sources */ = {isa = PBXBuildFile; fileRef = 23FAF4092D06E00900B5FA14 /* MenuListUseCase.swift */; };
		23FAF42A2D06E00900B5FA14 /* MenuItemCell.swift in Sources */ = {isa = PBXBuildFile; fileRef = 23FAF40C2D06E00900B5FA14 /* MenuItemCell.swift */; };
		23FAF42B2D06E00900B5FA14 /* MenuListViewController.swift in Sources */ = {isa = PBXBuildFile; fileRef = 23FAF40D2D06E00900B5FA14 /* MenuListViewController.swift */; };
		23FAF42C2D06E00900B5FA14 /* MenuListViewModel.swift in Sources */ = {isa = PBXBuildFile; fileRef = 23FAF40F2D06E00900B5FA14 /* MenuListViewModel.swift */; };
		23FAF42D2D06E00900B5FA14 /* LoadingToast.swift in Sources */ = {isa = PBXBuildFile; fileRef = 23FAF4132D06E00900B5FA14 /* LoadingToast.swift */; };
		23FAF42E2D06E00900B5FA14 /* AppDelegate.swift in Sources */ = {isa = PBXBuildFile; fileRef = 23FAF4162D06E00900B5FA14 /* AppDelegate.swift */; };
		23FAF42F2D06E00900B5FA14 /* SceneDelegate.swift in Sources */ = {isa = PBXBuildFile; fileRef = 23FAF41B2D06E00900B5FA14 /* SceneDelegate.swift */; };
		23FAF4302D06E00900B5FA14 /* Assets.xcassets in Resources */ = {isa = PBXBuildFile; fileRef = 23FAF4172D06E00900B5FA14 /* Assets.xcassets */; };
		23FAF4322D06E00900B5FA14 /* LaunchScreen.storyboard in Resources */ = {isa = PBXBuildFile; fileRef = 23FAF41A2D06E00900B5FA14 /* LaunchScreen.storyboard */; };
/* End PBXBuildFile section */

/* Begin PBXContainerItemProxy section */
		23731BB52CFD99F30093E868 /* PBXContainerItemProxy */ = {
			isa = PBXContainerItemProxy;
			containerPortal = 23731B962CFD99F10093E868 /* Project object */;
			proxyType = 1;
			remoteGlobalIDString = 23731B9D2CFD99F10093E868;
			remoteInfo = MiniProject;
		};
		23731BBF2CFD99F30093E868 /* PBXContainerItemProxy */ = {
			isa = PBXContainerItemProxy;
			containerPortal = 23731B962CFD99F10093E868 /* Project object */;
			proxyType = 1;
			remoteGlobalIDString = 23731B9D2CFD99F10093E868;
			remoteInfo = MiniProject;
		};
/* End PBXContainerItemProxy section */

/* Begin PBXFileReference section */
		23731B9E2CFD99F10093E868 /* MiniProject.app */ = {isa = PBXFileReference; explicitFileType = wrapper.application; includeInIndex = 0; path = MiniProject.app; sourceTree = BUILT_PRODUCTS_DIR; };
		23731BB42CFD99F30093E868 /* MiniProjectTests.xctest */ = {isa = PBXFileReference; explicitFileType = wrapper.cfbundle; includeInIndex = 0; path = MiniProjectTests.xctest; sourceTree = BUILT_PRODUCTS_DIR; };
		23731BBE2CFD99F30093E868 /* MiniProjectUITests.xctest */ = {isa = PBXFileReference; explicitFileType = wrapper.cfbundle; includeInIndex = 0; path = MiniProjectUITests.xctest; sourceTree = BUILT_PRODUCTS_DIR; };
		23FAF3E62D06E00900B5FA14 /* MiniProjectTests.swift */ = {isa = PBXFileReference; lastKnownFileType = sourcecode.swift; path = MiniProjectTests.swift; sourceTree = "<group>"; };
		23FAF3E72D06E00900B5FA14 /* MockNetworker.swift */ = {isa = PBXFileReference; lastKnownFileType = sourcecode.swift; path = MockNetworker.swift; sourceTree = "<group>"; };
		23FAF3EB2D06E00900B5FA14 /* MiniProjectUITests.swift */ = {isa = PBXFileReference; lastKnownFileType = sourcecode.swift; path = MiniProjectUITests.swift; sourceTree = "<group>"; };
		23FAF3EC2D06E00900B5FA14 /* MiniProjectUITestsLaunchTests.swift */ = {isa = PBXFileReference; lastKnownFileType = sourcecode.swift; path = MiniProjectUITestsLaunchTests.swift; sourceTree = "<group>"; };
		23FAF3F02D06E00900B5FA14 /* CacheImageManager.swift */ = {isa = PBXFileReference; lastKnownFileType = sourcecode.swift; path = CacheImageManager.swift; sourceTree = "<group>"; };
		23FAF3F22D06E00900B5FA14 /* Menu.swift */ = {isa = PBXFileReference; lastKnownFileType = sourcecode.swift; path = Menu.swift; sourceTree = "<group>"; };
		23FAF3F42D06E00900B5FA14 /* MenuResponse.swift */ = {isa = PBXFileReference; lastKnownFileType = sourcecode.swift; path = MenuResponse.swift; sourceTree = "<group>"; };
		23FAF3F62D06E00900B5FA14 /* DataState.swift */ = {isa = PBXFileReference; lastKnownFileType = sourcecode.swift; path = DataState.swift; sourceTree = "<group>"; };
		23FAF3F72D06E00900B5FA14 /* Networker.swift */ = {isa = PBXFileReference; lastKnownFileType = sourcecode.swift; path = Networker.swift; sourceTree = "<group>"; };
		23FAF3F82D06E00900B5FA14 /* NetworkError.swift */ = {isa = PBXFileReference; lastKnownFileType = sourcecode.swift; path = NetworkError.swift; sourceTree = "<group>"; };
		23FAF3F92D06E00900B5FA14 /* NetworkFactory.swift */ = {isa = PBXFileReference; lastKnownFileType = sourcecode.swift; path = NetworkFactory.swift; sourceTree = "<group>"; };
		23FAF3FB2D06E00900B5FA14 /* MenuServices.swift */ = {isa = PBXFileReference; lastKnownFileType = sourcecode.swift; path = MenuServices.swift; sourceTree = "<group>"; };
		23FAF3FF2D06E00900B5FA14 /* DetailMenuViewController.swift */ = {isa = PBXFileReference; lastKnownFileType = sourcecode.swift; path = DetailMenuViewController.swift; sourceTree = "<group>"; };
		23FAF4012D06E00900B5FA14 /* MenuListCoordinator.swift */ = {isa = PBXFileReference; lastKnownFileType = sourcecode.swift; path = MenuListCoordinator.swift; sourceTree = "<group>"; };
		23FAF4032D06E00900B5FA14 /* MenuListRepository.swift */ = {isa = PBXFileReference; lastKnownFileType = sourcecode.swift; path = MenuListRepository.swift; sourceTree = "<group>"; };
		23FAF4062D06E00900B5FA14 /* MenuCategoryModel.swift */ = {isa = PBXFileReference; lastKnownFileType = sourcecode.swift; path = MenuCategoryModel.swift; sourceTree = "<group>"; };
		23FAF4092D06E00900B5FA14 /* MenuListUseCase.swift */ = {isa = PBXFileReference; lastKnownFileType = sourcecode.swift; path = MenuListUseCase.swift; sourceTree = "<group>"; };
		23FAF40C2D06E00900B5FA14 /* MenuItemCell.swift */ = {isa = PBXFileReference; lastKnownFileType = sourcecode.swift; path = MenuItemCell.swift; sourceTree = "<group>"; };
		23FAF40D2D06E00900B5FA14 /* MenuListViewController.swift */ = {isa = PBXFileReference; lastKnownFileType = sourcecode.swift; path = MenuListViewController.swift; sourceTree = "<group>"; };
		23FAF40F2D06E00900B5FA14 /* MenuListViewModel.swift */ = {isa = PBXFileReference; lastKnownFileType = sourcecode.swift; path = MenuListViewModel.swift; sourceTree = "<group>"; };
		23FAF4132D06E00900B5FA14 /* LoadingToast.swift */ = {isa = PBXFileReference; lastKnownFileType = sourcecode.swift; path = LoadingToast.swift; sourceTree = "<group>"; };
		23FAF4162D06E00900B5FA14 /* AppDelegate.swift */ = {isa = PBXFileReference; lastKnownFileType = sourcecode.swift; path = AppDelegate.swift; sourceTree = "<group>"; };
		23FAF4172D06E00900B5FA14 /* Assets.xcassets */ = {isa = PBXFileReference; lastKnownFileType = folder.assetcatalog; path = Assets.xcassets; sourceTree = "<group>"; };
		23FAF4182D06E00900B5FA14 /* Info.plist */ = {isa = PBXFileReference; lastKnownFileType = text.plist.xml; path = Info.plist; sourceTree = "<group>"; };
		23FAF4192D06E00900B5FA14 /* Base */ = {isa = PBXFileReference; lastKnownFileType = file.storyboard; name = Base; path = Base.lproj/LaunchScreen.storyboard; sourceTree = "<group>"; };
		23FAF41B2D06E00900B5FA14 /* SceneDelegate.swift */ = {isa = PBXFileReference; lastKnownFileType = sourcecode.swift; path = SceneDelegate.swift; sourceTree = "<group>"; };
/* End PBXFileReference section */

/* Begin PBXFrameworksBuildPhase section */
		23731B9B2CFD99F10093E868 /* Frameworks */ = {
			isa = PBXFrameworksBuildPhase;
			buildActionMask = 2147483647;
			files = (
				230426962D05E9A700473EA0 /* Kingfisher in Frameworks */,
			);
			runOnlyForDeploymentPostprocessing = 0;
		};
		23731BB12CFD99F30093E868 /* Frameworks */ = {
			isa = PBXFrameworksBuildPhase;
			buildActionMask = 2147483647;
			files = (
			);
			runOnlyForDeploymentPostprocessing = 0;
		};
		23731BBB2CFD99F30093E868 /* Frameworks */ = {
			isa = PBXFrameworksBuildPhase;
			buildActionMask = 2147483647;
			files = (
			);
			runOnlyForDeploymentPostprocessing = 0;
		};
/* End PBXFrameworksBuildPhase section */

/* Begin PBXGroup section */
		23731B952CFD99F10093E868 = {
			isa = PBXGroup;
			children = (
				23FAF41C2D06E00900B5FA14 /* MiniProject */,
				23FAF3E82D06E00900B5FA14 /* MiniProjectTests */,
				23FAF3ED2D06E00900B5FA14 /* MiniProjectUITests */,
				23731B9F2CFD99F10093E868 /* Products */,
			);
			sourceTree = "<group>";
		};
		23731B9F2CFD99F10093E868 /* Products */ = {
			isa = PBXGroup;
			children = (
				23731B9E2CFD99F10093E868 /* MiniProject.app */,
				23731BB42CFD99F30093E868 /* MiniProjectTests.xctest */,
				23731BBE2CFD99F30093E868 /* MiniProjectUITests.xctest */,
			);
			name = Products;
			sourceTree = "<group>";
		};
		23FAF3E82D06E00900B5FA14 /* MiniProjectTests */ = {
			isa = PBXGroup;
			children = (
				23FAF3E62D06E00900B5FA14 /* MiniProjectTests.swift */,
				23FAF3E72D06E00900B5FA14 /* MockNetworker.swift */,
			);
			path = MiniProjectTests;
			sourceTree = "<group>";
		};
		23FAF3ED2D06E00900B5FA14 /* MiniProjectUITests */ = {
			isa = PBXGroup;
			children = (
				23FAF3EB2D06E00900B5FA14 /* MiniProjectUITests.swift */,
				23FAF3EC2D06E00900B5FA14 /* MiniProjectUITestsLaunchTests.swift */,
			);
			path = MiniProjectUITests;
			sourceTree = "<group>";
		};
		23FAF3F12D06E00900B5FA14 /* CacheImage */ = {
			isa = PBXGroup;
			children = (
				23FAF3F02D06E00900B5FA14 /* CacheImageManager.swift */,
			);
			path = CacheImage;
			sourceTree = "<group>";
		};
		23FAF3F32D06E00900B5FA14 /* Data */ = {
			isa = PBXGroup;
			children = (
				23FAF3F22D06E00900B5FA14 /* Menu.swift */,
			);
			path = Data;
			sourceTree = "<group>";
		};
		23FAF3F52D06E00900B5FA14 /* DTO */ = {
			isa = PBXGroup;
			children = (
				23FAF3F42D06E00900B5FA14 /* MenuResponse.swift */,
			);
			path = DTO;
			sourceTree = "<group>";
		};
		23FAF3FA2D06E00900B5FA14 /* Network */ = {
			isa = PBXGroup;
			children = (
				23FAF3F62D06E00900B5FA14 /* DataState.swift */,
				23FAF3F72D06E00900B5FA14 /* Networker.swift */,
				23FAF3F82D06E00900B5FA14 /* NetworkError.swift */,
				23FAF3F92D06E00900B5FA14 /* NetworkFactory.swift */,
			);
			path = Network;
			sourceTree = "<group>";
		};
		23FAF3FC2D06E00900B5FA14 /* Services */ = {
			isa = PBXGroup;
			children = (
				23FAF3FB2D06E00900B5FA14 /* MenuServices.swift */,
			);
			path = Services;
			sourceTree = "<group>";
		};
		23FAF3FD2D06E00900B5FA14 /* Infrastructure */ = {
			isa = PBXGroup;
			children = (
				23FAF3F12D06E00900B5FA14 /* CacheImage */,
				23FAF3F32D06E00900B5FA14 /* Data */,
				23FAF3F52D06E00900B5FA14 /* DTO */,
				23FAF3FA2D06E00900B5FA14 /* Network */,
				23FAF3FC2D06E00900B5FA14 /* Services */,
			);
			path = Infrastructure;
			sourceTree = "<group>";
		};
		23FAF3FE2D06E00900B5FA14 /* Coordinator */ = {
			isa = PBXGroup;
			children = (
			);
			path = Coordinator;
			sourceTree = "<group>";
		};
		23FAF4002D06E00900B5FA14 /* MenuDetail */ = {
			isa = PBXGroup;
			children = (
				23FAF3FE2D06E00900B5FA14 /* Coordinator */,
				23FAF3FF2D06E00900B5FA14 /* DetailMenuViewController.swift */,
			);
			path = MenuDetail;
			sourceTree = "<group>";
		};
		23FAF4022D06E00900B5FA14 /* Coordinator */ = {
			isa = PBXGroup;
			children = (
				23FAF4012D06E00900B5FA14 /* MenuListCoordinator.swift */,
			);
			path = Coordinator;
			sourceTree = "<group>";
		};
		23FAF4042D06E00900B5FA14 /* Repository */ = {
			isa = PBXGroup;
			children = (
				23FAF4032D06E00900B5FA14 /* MenuListRepository.swift */,
			);
			path = Repository;
			sourceTree = "<group>";
		};
		23FAF4052D06E00900B5FA14 /* Data */ = {
			isa = PBXGroup;
			children = (
				23FAF4042D06E00900B5FA14 /* Repository */,
			);
			path = Data;
			sourceTree = "<group>";
		};
		23FAF4072D06E00900B5FA14 /* Responses */ = {
			isa = PBXGroup;
			children = (
				23FAF4062D06E00900B5FA14 /* MenuCategoryModel.swift */,
			);
			path = Responses;
			sourceTree = "<group>";
		};
		23FAF4082D06E00900B5FA14 /* Entity */ = {
			isa = PBXGroup;
			children = (
				23FAF4072D06E00900B5FA14 /* Responses */,
			);
			path = Entity;
			sourceTree = "<group>";
		};
		23FAF40A2D06E00900B5FA14 /* UseCase */ = {
			isa = PBXGroup;
			children = (
				23FAF4092D06E00900B5FA14 /* MenuListUseCase.swift */,
			);
			path = UseCase;
			sourceTree = "<group>";
		};
		23FAF40B2D06E00900B5FA14 /* Domain */ = {
			isa = PBXGroup;
			children = (
				23FAF4082D06E00900B5FA14 /* Entity */,
				23FAF40A2D06E00900B5FA14 /* UseCase */,
			);
			path = Domain;
			sourceTree = "<group>";
		};
		23FAF40E2D06E00900B5FA14 /* View */ = {
			isa = PBXGroup;
			children = (
				23FAF40C2D06E00900B5FA14 /* MenuItemCell.swift */,
				23FAF40D2D06E00900B5FA14 /* MenuListViewController.swift */,
			);
			path = View;
			sourceTree = "<group>";
		};
		23FAF4102D06E00900B5FA14 /* ViewModel */ = {
			isa = PBXGroup;
			children = (
				23FAF40F2D06E00900B5FA14 /* MenuListViewModel.swift */,
			);
			path = ViewModel;
			sourceTree = "<group>";
		};
		23FAF4112D06E00900B5FA14 /* Scene */ = {
			isa = PBXGroup;
			children = (
				23FAF40E2D06E00900B5FA14 /* View */,
				23FAF4102D06E00900B5FA14 /* ViewModel */,
			);
			path = Scene;
			sourceTree = "<group>";
		};
		23FAF4122D06E00900B5FA14 /* MenuList */ = {
			isa = PBXGroup;
			children = (
				23FAF4022D06E00900B5FA14 /* Coordinator */,
				23FAF4052D06E00900B5FA14 /* Data */,
				23FAF40B2D06E00900B5FA14 /* Domain */,
				23FAF4112D06E00900B5FA14 /* Scene */,
			);
			path = MenuList;
			sourceTree = "<group>";
		};
		23FAF4142D06E00900B5FA14 /* ReusableComponents */ = {
			isa = PBXGroup;
			children = (
				23FAF4132D06E00900B5FA14 /* LoadingToast.swift */,
			);
			path = ReusableComponents;
			sourceTree = "<group>";
		};
		23FAF4152D06E00900B5FA14 /* Modules */ = {
			isa = PBXGroup;
			children = (
				23FAF4002D06E00900B5FA14 /* MenuDetail */,
				23FAF4122D06E00900B5FA14 /* MenuList */,
				23FAF4142D06E00900B5FA14 /* ReusableComponents */,
			);
			path = Modules;
			sourceTree = "<group>";
		};
		23FAF41C2D06E00900B5FA14 /* MiniProject */ = {
			isa = PBXGroup;
			children = (
				23FAF3FD2D06E00900B5FA14 /* Infrastructure */,
				23FAF4152D06E00900B5FA14 /* Modules */,
				23FAF4162D06E00900B5FA14 /* AppDelegate.swift */,
				23FAF4172D06E00900B5FA14 /* Assets.xcassets */,
				23FAF4182D06E00900B5FA14 /* Info.plist */,
				23FAF41A2D06E00900B5FA14 /* LaunchScreen.storyboard */,
				23FAF41B2D06E00900B5FA14 /* SceneDelegate.swift */,
			);
			path = MiniProject;
			sourceTree = "<group>";
		};
/* End PBXGroup section */

/* Begin PBXNativeTarget section */
		23731B9D2CFD99F10093E868 /* MiniProject */ = {
			isa = PBXNativeTarget;
			buildConfigurationList = 23731BC72CFD99F30093E868 /* Build configuration list for PBXNativeTarget "MiniProject" */;
			buildPhases = (
				23731B9A2CFD99F10093E868 /* Sources */,
				23731B9B2CFD99F10093E868 /* Frameworks */,
				23731B9C2CFD99F10093E868 /* Resources */,
			);
			buildRules = (
			);
			dependencies = (
			);
			name = MiniProject;
			packageProductDependencies = (
				230426952D05E9A700473EA0 /* Kingfisher */,
			);
			productName = MiniProject;
			productReference = 23731B9E2CFD99F10093E868 /* MiniProject.app */;
			productType = "com.apple.product-type.application";
		};
		23731BB32CFD99F30093E868 /* MiniProjectTests */ = {
			isa = PBXNativeTarget;
			buildConfigurationList = 23731BCC2CFD99F30093E868 /* Build configuration list for PBXNativeTarget "MiniProjectTests" */;
			buildPhases = (
				23731BB02CFD99F30093E868 /* Sources */,
				23731BB12CFD99F30093E868 /* Frameworks */,
				23731BB22CFD99F30093E868 /* Resources */,
			);
			buildRules = (
			);
			dependencies = (
				23731BB62CFD99F30093E868 /* PBXTargetDependency */,
			);
			name = MiniProjectTests;
			packageProductDependencies = (
			);
			productName = MiniProjectTests;
			productReference = 23731BB42CFD99F30093E868 /* MiniProjectTests.xctest */;
			productType = "com.apple.product-type.bundle.unit-test";
		};
		23731BBD2CFD99F30093E868 /* MiniProjectUITests */ = {
			isa = PBXNativeTarget;
			buildConfigurationList = 23731BCF2CFD99F30093E868 /* Build configuration list for PBXNativeTarget "MiniProjectUITests" */;
			buildPhases = (
				23731BBA2CFD99F30093E868 /* Sources */,
				23731BBB2CFD99F30093E868 /* Frameworks */,
				23731BBC2CFD99F30093E868 /* Resources */,
			);
			buildRules = (
			);
			dependencies = (
				23731BC02CFD99F30093E868 /* PBXTargetDependency */,
			);
			name = MiniProjectUITests;
			packageProductDependencies = (
			);
			productName = MiniProjectUITests;
			productReference = 23731BBE2CFD99F30093E868 /* MiniProjectUITests.xctest */;
			productType = "com.apple.product-type.bundle.ui-testing";
		};
/* End PBXNativeTarget section */

/* Begin PBXProject section */
		23731B962CFD99F10093E868 /* Project object */ = {
			isa = PBXProject;
			attributes = {
				BuildIndependentTargetsInParallel = 1;
				LastSwiftUpdateCheck = 1610;
				LastUpgradeCheck = 1610;
				TargetAttributes = {
					23731B9D2CFD99F10093E868 = {
						CreatedOnToolsVersion = 16.1;
					};
					23731BB32CFD99F30093E868 = {
						CreatedOnToolsVersion = 16.1;
						TestTargetID = 23731B9D2CFD99F10093E868;
					};
					23731BBD2CFD99F30093E868 = {
						CreatedOnToolsVersion = 16.1;
						TestTargetID = 23731B9D2CFD99F10093E868;
					};
				};
			};
			buildConfigurationList = 23731B992CFD99F10093E868 /* Build configuration list for PBXProject "MiniProject" */;
			developmentRegion = en;
			hasScannedForEncodings = 0;
			knownRegions = (
				en,
				Base,
			);
			mainGroup = 23731B952CFD99F10093E868;
			minimizedProjectReferenceProxies = 1;
			packageReferences = (
				230426942D05E9A700473EA0 /* XCRemoteSwiftPackageReference "Kingfisher" */,
			);
			preferredProjectObjectVersion = 77;
			productRefGroup = 23731B9F2CFD99F10093E868 /* Products */;
			projectDirPath = "";
			projectRoot = "";
			targets = (
				23731B9D2CFD99F10093E868 /* MiniProject */,
				23731BB32CFD99F30093E868 /* MiniProjectTests */,
				23731BBD2CFD99F30093E868 /* MiniProjectUITests */,
			);
		};
/* End PBXProject section */

/* Begin PBXResourcesBuildPhase section */
		23731B9C2CFD99F10093E868 /* Resources */ = {
			isa = PBXResourcesBuildPhase;
			buildActionMask = 2147483647;
			files = (
				23FAF4302D06E00900B5FA14 /* Assets.xcassets in Resources */,
				23FAF4322D06E00900B5FA14 /* LaunchScreen.storyboard in Resources */,
			);
			runOnlyForDeploymentPostprocessing = 0;
		};
		23731BB22CFD99F30093E868 /* Resources */ = {
			isa = PBXResourcesBuildPhase;
			buildActionMask = 2147483647;
			files = (
			);
			runOnlyForDeploymentPostprocessing = 0;
		};
		23731BBC2CFD99F30093E868 /* Resources */ = {
			isa = PBXResourcesBuildPhase;
			buildActionMask = 2147483647;
			files = (
			);
			runOnlyForDeploymentPostprocessing = 0;
		};
/* End PBXResourcesBuildPhase section */

/* Begin PBXSourcesBuildPhase section */
		23731B9A2CFD99F10093E868 /* Sources */ = {
			isa = PBXSourcesBuildPhase;
			buildActionMask = 2147483647;
			files = (
				23FAF41D2D06E00900B5FA14 /* CacheImageManager.swift in Sources */,
				23FAF41E2D06E00900B5FA14 /* Menu.swift in Sources */,
				23FAF41F2D06E00900B5FA14 /* MenuResponse.swift in Sources */,
				23FAF4202D06E00900B5FA14 /* DataState.swift in Sources */,
				23FAF4212D06E00900B5FA14 /* Networker.swift in Sources */,
				23FAF4222D06E00900B5FA14 /* NetworkError.swift in Sources */,
				23FAF4232D06E00900B5FA14 /* NetworkFactory.swift in Sources */,
				23FAF4242D06E00900B5FA14 /* MenuServices.swift in Sources */,
				23FAF4252D06E00900B5FA14 /* DetailMenuViewController.swift in Sources */,
				23FAF4262D06E00900B5FA14 /* MenuListCoordinator.swift in Sources */,
				23FAF4272D06E00900B5FA14 /* MenuListRepository.swift in Sources */,
				23FAF4282D06E00900B5FA14 /* MenuCategoryModel.swift in Sources */,
				23FAF4292D06E00900B5FA14 /* MenuListUseCase.swift in Sources */,
				23FAF42A2D06E00900B5FA14 /* MenuItemCell.swift in Sources */,
				23FAF42B2D06E00900B5FA14 /* MenuListViewController.swift in Sources */,
				23FAF42C2D06E00900B5FA14 /* MenuListViewModel.swift in Sources */,
				23FAF42D2D06E00900B5FA14 /* LoadingToast.swift in Sources */,
				23FAF42E2D06E00900B5FA14 /* AppDelegate.swift in Sources */,
				23FAF42F2D06E00900B5FA14 /* SceneDelegate.swift in Sources */,
			);
			runOnlyForDeploymentPostprocessing = 0;
		};
		23731BB02CFD99F30093E868 /* Sources */ = {
			isa = PBXSourcesBuildPhase;
			buildActionMask = 2147483647;
			files = (
				23FAF3E92D06E00900B5FA14 /* MiniProjectTests.swift in Sources */,
				23FAF3EA2D06E00900B5FA14 /* MockNetworker.swift in Sources */,
			);
			runOnlyForDeploymentPostprocessing = 0;
		};
		23731BBA2CFD99F30093E868 /* Sources */ = {
			isa = PBXSourcesBuildPhase;
			buildActionMask = 2147483647;
			files = (
				23FAF3EE2D06E00900B5FA14 /* MiniProjectUITests.swift in Sources */,
				23FAF3EF2D06E00900B5FA14 /* MiniProjectUITestsLaunchTests.swift in Sources */,
			);
			runOnlyForDeploymentPostprocessing = 0;
		};
/* End PBXSourcesBuildPhase section */

/* Begin PBXTargetDependency section */
		23731BB62CFD99F30093E868 /* PBXTargetDependency */ = {
			isa = PBXTargetDependency;
			target = 23731B9D2CFD99F10093E868 /* MiniProject */;
			targetProxy = 23731BB52CFD99F30093E868 /* PBXContainerItemProxy */;
		};
		23731BC02CFD99F30093E868 /* PBXTargetDependency */ = {
			isa = PBXTargetDependency;
			target = 23731B9D2CFD99F10093E868 /* MiniProject */;
			targetProxy = 23731BBF2CFD99F30093E868 /* PBXContainerItemProxy */;
		};
/* End PBXTargetDependency section */

/* Begin PBXVariantGroup section */
		23FAF41A2D06E00900B5FA14 /* LaunchScreen.storyboard */ = {
			isa = PBXVariantGroup;
			children = (
				23FAF4192D06E00900B5FA14 /* Base */,
			);
			name = LaunchScreen.storyboard;
			sourceTree = "<group>";
		};
/* End PBXVariantGroup section */

/* Begin XCBuildConfiguration section */
		23731BC82CFD99F30093E868 /* Debug */ = {
			isa = XCBuildConfiguration;
			buildSettings = {
				ASSETCATALOG_COMPILER_APPICON_NAME = AppIcon;
				ASSETCATALOG_COMPILER_GLOBAL_ACCENT_COLOR_NAME = AccentColor;
				CODE_SIGN_STYLE = Automatic;
				CURRENT_PROJECT_VERSION = 1;
				DEVELOPMENT_TEAM = BHS88Y2WBP;
				GENERATE_INFOPLIST_FILE = YES;
				INFOPLIST_FILE = MiniProject/Info.plist;
				INFOPLIST_KEY_UIApplicationSupportsIndirectInputEvents = YES;
				INFOPLIST_KEY_UILaunchStoryboardName = LaunchScreen;
				INFOPLIST_KEY_UISupportedInterfaceOrientations_iPad = "UIInterfaceOrientationPortrait UIInterfaceOrientationPortraitUpsideDown UIInterfaceOrientationLandscapeLeft UIInterfaceOrientationLandscapeRight";
				INFOPLIST_KEY_UISupportedInterfaceOrientations_iPhone = "UIInterfaceOrientationPortrait UIInterfaceOrientationLandscapeLeft UIInterfaceOrientationLandscapeRight";
				IPHONEOS_DEPLOYMENT_TARGET = 18.0;
				LD_RUNPATH_SEARCH_PATHS = (
					"$(inherited)",
					"@executable_path/Frameworks",
				);
				MARKETING_VERSION = 1.0;
				PRODUCT_BUNDLE_IDENTIFIER = com.hendra.MiniProject;
				PRODUCT_NAME = "$(TARGET_NAME)";
				SWIFT_EMIT_LOC_STRINGS = YES;
				SWIFT_VERSION = 5.0;
				TARGETED_DEVICE_FAMILY = "1,2";
			};
			name = Debug;
		};
		23731BC92CFD99F30093E868 /* Release */ = {
			isa = XCBuildConfiguration;
			buildSettings = {
				ASSETCATALOG_COMPILER_APPICON_NAME = AppIcon;
				ASSETCATALOG_COMPILER_GLOBAL_ACCENT_COLOR_NAME = AccentColor;
				CODE_SIGN_STYLE = Automatic;
				CURRENT_PROJECT_VERSION = 1;
				DEVELOPMENT_TEAM = BHS88Y2WBP;
				GENERATE_INFOPLIST_FILE = YES;
				INFOPLIST_FILE = MiniProject/Info.plist;
				INFOPLIST_KEY_UIApplicationSupportsIndirectInputEvents = YES;
				INFOPLIST_KEY_UILaunchStoryboardName = LaunchScreen;
				INFOPLIST_KEY_UISupportedInterfaceOrientations_iPad = "UIInterfaceOrientationPortrait UIInterfaceOrientationPortraitUpsideDown UIInterfaceOrientationLandscapeLeft UIInterfaceOrientationLandscapeRight";
				INFOPLIST_KEY_UISupportedInterfaceOrientations_iPhone = "UIInterfaceOrientationPortrait UIInterfaceOrientationLandscapeLeft UIInterfaceOrientationLandscapeRight";
				IPHONEOS_DEPLOYMENT_TARGET = 18.0;
				LD_RUNPATH_SEARCH_PATHS = (
					"$(inherited)",
					"@executable_path/Frameworks",
				);
				MARKETING_VERSION = 1.0;
				PRODUCT_BUNDLE_IDENTIFIER = com.hendra.MiniProject;
				PRODUCT_NAME = "$(TARGET_NAME)";
				SWIFT_EMIT_LOC_STRINGS = YES;
				SWIFT_VERSION = 5.0;
				TARGETED_DEVICE_FAMILY = "1,2";
			};
			name = Release;
		};
		23731BCA2CFD99F30093E868 /* Debug */ = {
			isa = XCBuildConfiguration;
			buildSettings = {
				ALWAYS_SEARCH_USER_PATHS = NO;
				ASSETCATALOG_COMPILER_GENERATE_SWIFT_ASSET_SYMBOL_EXTENSIONS = YES;
				CLANG_ANALYZER_NONNULL = YES;
				CLANG_ANALYZER_NUMBER_OBJECT_CONVERSION = YES_AGGRESSIVE;
				CLANG_CXX_LANGUAGE_STANDARD = "gnu++20";
				CLANG_ENABLE_MODULES = YES;
				CLANG_ENABLE_OBJC_ARC = YES;
				CLANG_ENABLE_OBJC_WEAK = YES;
				CLANG_WARN_BLOCK_CAPTURE_AUTORELEASING = YES;
				CLANG_WARN_BOOL_CONVERSION = YES;
				CLANG_WARN_COMMA = YES;
				CLANG_WARN_CONSTANT_CONVERSION = YES;
				CLANG_WARN_DEPRECATED_OBJC_IMPLEMENTATIONS = YES;
				CLANG_WARN_DIRECT_OBJC_ISA_USAGE = YES_ERROR;
				CLANG_WARN_DOCUMENTATION_COMMENTS = YES;
				CLANG_WARN_EMPTY_BODY = YES;
				CLANG_WARN_ENUM_CONVERSION = YES;
				CLANG_WARN_INFINITE_RECURSION = YES;
				CLANG_WARN_INT_CONVERSION = YES;
				CLANG_WARN_NON_LITERAL_NULL_CONVERSION = YES;
				CLANG_WARN_OBJC_IMPLICIT_RETAIN_SELF = YES;
				CLANG_WARN_OBJC_LITERAL_CONVERSION = YES;
				CLANG_WARN_OBJC_ROOT_CLASS = YES_ERROR;
				CLANG_WARN_QUOTED_INCLUDE_IN_FRAMEWORK_HEADER = YES;
				CLANG_WARN_RANGE_LOOP_ANALYSIS = YES;
				CLANG_WARN_STRICT_PROTOTYPES = YES;
				CLANG_WARN_SUSPICIOUS_MOVE = YES;
				CLANG_WARN_UNGUARDED_AVAILABILITY = YES_AGGRESSIVE;
				CLANG_WARN_UNREACHABLE_CODE = YES;
				CLANG_WARN__DUPLICATE_METHOD_MATCH = YES;
				COPY_PHASE_STRIP = NO;
				DEBUG_INFORMATION_FORMAT = dwarf;
				ENABLE_STRICT_OBJC_MSGSEND = YES;
				ENABLE_TESTABILITY = YES;
				ENABLE_USER_SCRIPT_SANDBOXING = YES;
				GCC_C_LANGUAGE_STANDARD = gnu17;
				GCC_DYNAMIC_NO_PIC = NO;
				GCC_NO_COMMON_BLOCKS = YES;
				GCC_OPTIMIZATION_LEVEL = 0;
				GCC_PREPROCESSOR_DEFINITIONS = (
					"DEBUG=1",
					"$(inherited)",
				);
				GCC_WARN_64_TO_32_BIT_CONVERSION = YES;
				GCC_WARN_ABOUT_RETURN_TYPE = YES_ERROR;
				GCC_WARN_UNDECLARED_SELECTOR = YES;
				GCC_WARN_UNINITIALIZED_AUTOS = YES_AGGRESSIVE;
				GCC_WARN_UNUSED_FUNCTION = YES;
				GCC_WARN_UNUSED_VARIABLE = YES;
				IPHONEOS_DEPLOYMENT_TARGET = 18.1;
				LOCALIZATION_PREFERS_STRING_CATALOGS = YES;
				MTL_ENABLE_DEBUG_INFO = INCLUDE_SOURCE;
				MTL_FAST_MATH = YES;
				ONLY_ACTIVE_ARCH = YES;
				SDKROOT = iphoneos;
				SWIFT_ACTIVE_COMPILATION_CONDITIONS = "DEBUG $(inherited)";
				SWIFT_OPTIMIZATION_LEVEL = "-Onone";
			};
			name = Debug;
		};
		23731BCB2CFD99F30093E868 /* Release */ = {
			isa = XCBuildConfiguration;
			buildSettings = {
				ALWAYS_SEARCH_USER_PATHS = NO;
				ASSETCATALOG_COMPILER_GENERATE_SWIFT_ASSET_SYMBOL_EXTENSIONS = YES;
				CLANG_ANALYZER_NONNULL = YES;
				CLANG_ANALYZER_NUMBER_OBJECT_CONVERSION = YES_AGGRESSIVE;
				CLANG_CXX_LANGUAGE_STANDARD = "gnu++20";
				CLANG_ENABLE_MODULES = YES;
				CLANG_ENABLE_OBJC_ARC = YES;
				CLANG_ENABLE_OBJC_WEAK = YES;
				CLANG_WARN_BLOCK_CAPTURE_AUTORELEASING = YES;
				CLANG_WARN_BOOL_CONVERSION = YES;
				CLANG_WARN_COMMA = YES;
				CLANG_WARN_CONSTANT_CONVERSION = YES;
				CLANG_WARN_DEPRECATED_OBJC_IMPLEMENTATIONS = YES;
				CLANG_WARN_DIRECT_OBJC_ISA_USAGE = YES_ERROR;
				CLANG_WARN_DOCUMENTATION_COMMENTS = YES;
				CLANG_WARN_EMPTY_BODY = YES;
				CLANG_WARN_ENUM_CONVERSION = YES;
				CLANG_WARN_INFINITE_RECURSION = YES;
				CLANG_WARN_INT_CONVERSION = YES;
				CLANG_WARN_NON_LITERAL_NULL_CONVERSION = YES;
				CLANG_WARN_OBJC_IMPLICIT_RETAIN_SELF = YES;
				CLANG_WARN_OBJC_LITERAL_CONVERSION = YES;
				CLANG_WARN_OBJC_ROOT_CLASS = YES_ERROR;
				CLANG_WARN_QUOTED_INCLUDE_IN_FRAMEWORK_HEADER = YES;
				CLANG_WARN_RANGE_LOOP_ANALYSIS = YES;
				CLANG_WARN_STRICT_PROTOTYPES = YES;
				CLANG_WARN_SUSPICIOUS_MOVE = YES;
				CLANG_WARN_UNGUARDED_AVAILABILITY = YES_AGGRESSIVE;
				CLANG_WARN_UNREACHABLE_CODE = YES;
				CLANG_WARN__DUPLICATE_METHOD_MATCH = YES;
				COPY_PHASE_STRIP = NO;
				DEBUG_INFORMATION_FORMAT = "dwarf-with-dsym";
				ENABLE_NS_ASSERTIONS = NO;
				ENABLE_STRICT_OBJC_MSGSEND = YES;
				ENABLE_USER_SCRIPT_SANDBOXING = YES;
				GCC_C_LANGUAGE_STANDARD = gnu17;
				GCC_NO_COMMON_BLOCKS = YES;
				GCC_WARN_64_TO_32_BIT_CONVERSION = YES;
				GCC_WARN_ABOUT_RETURN_TYPE = YES_ERROR;
				GCC_WARN_UNDECLARED_SELECTOR = YES;
				GCC_WARN_UNINITIALIZED_AUTOS = YES_AGGRESSIVE;
				GCC_WARN_UNUSED_FUNCTION = YES;
				GCC_WARN_UNUSED_VARIABLE = YES;
				IPHONEOS_DEPLOYMENT_TARGET = 18.1;
				LOCALIZATION_PREFERS_STRING_CATALOGS = YES;
				MTL_ENABLE_DEBUG_INFO = NO;
				MTL_FAST_MATH = YES;
				SDKROOT = iphoneos;
				SWIFT_COMPILATION_MODE = wholemodule;
				VALIDATE_PRODUCT = YES;
			};
			name = Release;
		};
		23731BCD2CFD99F30093E868 /* Debug */ = {
			isa = XCBuildConfiguration;
			buildSettings = {
				BUNDLE_LOADER = "$(TEST_HOST)";
				CODE_SIGN_STYLE = Automatic;
				CURRENT_PROJECT_VERSION = 1;
				DEVELOPMENT_TEAM = BHS88Y2WBP;
				GENERATE_INFOPLIST_FILE = YES;
				IPHONEOS_DEPLOYMENT_TARGET = 18.1;
				MARKETING_VERSION = 1.0;
				PRODUCT_BUNDLE_IDENTIFIER = com.hendra.MiniProjectTests;
				PRODUCT_NAME = "$(TARGET_NAME)";
				SWIFT_EMIT_LOC_STRINGS = NO;
				SWIFT_VERSION = 5.0;
				TARGETED_DEVICE_FAMILY = "1,2";
				TEST_HOST = "$(BUILT_PRODUCTS_DIR)/MiniProject.app/$(BUNDLE_EXECUTABLE_FOLDER_PATH)/MiniProject";
			};
			name = Debug;
		};
		23731BCE2CFD99F30093E868 /* Release */ = {
			isa = XCBuildConfiguration;
			buildSettings = {
				BUNDLE_LOADER = "$(TEST_HOST)";
				CODE_SIGN_STYLE = Automatic;
				CURRENT_PROJECT_VERSION = 1;
				DEVELOPMENT_TEAM = BHS88Y2WBP;
				GENERATE_INFOPLIST_FILE = YES;
				IPHONEOS_DEPLOYMENT_TARGET = 18.1;
				MARKETING_VERSION = 1.0;
				PRODUCT_BUNDLE_IDENTIFIER = com.hendra.MiniProjectTests;
				PRODUCT_NAME = "$(TARGET_NAME)";
				SWIFT_EMIT_LOC_STRINGS = NO;
				SWIFT_VERSION = 5.0;
				TARGETED_DEVICE_FAMILY = "1,2";
				TEST_HOST = "$(BUILT_PRODUCTS_DIR)/MiniProject.app/$(BUNDLE_EXECUTABLE_FOLDER_PATH)/MiniProject";
			};
			name = Release;
		};
		23731BD02CFD99F30093E868 /* Debug */ = {
			isa = XCBuildConfiguration;
			buildSettings = {
				CODE_SIGN_STYLE = Automatic;
				CURRENT_PROJECT_VERSION = 1;
				DEVELOPMENT_TEAM = BHS88Y2WBP;
				GENERATE_INFOPLIST_FILE = YES;
				MARKETING_VERSION = 1.0;
				PRODUCT_BUNDLE_IDENTIFIER = com.hendra.MiniProjectUITests;
				PRODUCT_NAME = "$(TARGET_NAME)";
				SWIFT_EMIT_LOC_STRINGS = NO;
				SWIFT_VERSION = 5.0;
				TARGETED_DEVICE_FAMILY = "1,2";
				TEST_TARGET_NAME = MiniProject;
			};
			name = Debug;
		};
		23731BD12CFD99F30093E868 /* Release */ = {
			isa = XCBuildConfiguration;
			buildSettings = {
				CODE_SIGN_STYLE = Automatic;
				CURRENT_PROJECT_VERSION = 1;
				DEVELOPMENT_TEAM = BHS88Y2WBP;
				GENERATE_INFOPLIST_FILE = YES;
				MARKETING_VERSION = 1.0;
				PRODUCT_BUNDLE_IDENTIFIER = com.hendra.MiniProjectUITests;
				PRODUCT_NAME = "$(TARGET_NAME)";
				SWIFT_EMIT_LOC_STRINGS = NO;
				SWIFT_VERSION = 5.0;
				TARGETED_DEVICE_FAMILY = "1,2";
				TEST_TARGET_NAME = MiniProject;
			};
			name = Release;
		};
/* End XCBuildConfiguration section */

/* Begin XCConfigurationList section */
		23731B992CFD99F10093E868 /* Build configuration list for PBXProject "MiniProject" */ = {
			isa = XCConfigurationList;
			buildConfigurations = (
				23731BCA2CFD99F30093E868 /* Debug */,
				23731BCB2CFD99F30093E868 /* Release */,
			);
			defaultConfigurationIsVisible = 0;
			defaultConfigurationName = Release;
		};
		23731BC72CFD99F30093E868 /* Build configuration list for PBXNativeTarget "MiniProject" */ = {
			isa = XCConfigurationList;
			buildConfigurations = (
				23731BC82CFD99F30093E868 /* Debug */,
				23731BC92CFD99F30093E868 /* Release */,
			);
			defaultConfigurationIsVisible = 0;
			defaultConfigurationName = Release;
		};
		23731BCC2CFD99F30093E868 /* Build configuration list for PBXNativeTarget "MiniProjectTests" */ = {
			isa = XCConfigurationList;
			buildConfigurations = (
				23731BCD2CFD99F30093E868 /* Debug */,
				23731BCE2CFD99F30093E868 /* Release */,
			);
			defaultConfigurationIsVisible = 0;
			defaultConfigurationName = Release;
		};
		23731BCF2CFD99F30093E868 /* Build configuration list for PBXNativeTarget "MiniProjectUITests" */ = {
			isa = XCConfigurationList;
			buildConfigurations = (
				23731BD02CFD99F30093E868 /* Debug */,
				23731BD12CFD99F30093E868 /* Release */,
			);
			defaultConfigurationIsVisible = 0;
			defaultConfigurationName = Release;
		};
/* End XCConfigurationList section */

/* Begin XCRemoteSwiftPackageReference section */
		230426942D05E9A700473EA0 /* XCRemoteSwiftPackageReference "Kingfisher" */ = {
			isa = XCRemoteSwiftPackageReference;
			repositoryURL = "https://github.com/onevcat/Kingfisher.git";
			requirement = {
				kind = upToNextMajorVersion;
				minimumVersion = 8.1.2;
			};
		};
/* End XCRemoteSwiftPackageReference section */

/* Begin XCSwiftPackageProductDependency section */
		230426952D05E9A700473EA0 /* Kingfisher */ = {
			isa = XCSwiftPackageProductDependency;
			package = 230426942D05E9A700473EA0 /* XCRemoteSwiftPackageReference "Kingfisher" */;
			productName = Kingfisher;
		};
/* End XCSwiftPackageProductDependency section */
	};
	rootObject = 23731B962CFD99F10093E868 /* Project object */;
}
